
Microsoft Visual Studio Solution File, Format Version 12.00
# Visual Studio 2013
VisualStudioVersion = 12.0.40629.0
MinimumVisualStudioVersion = 10.0.40219.1
Project("{FAE04EC0-301F-11D3-BF4B-00C04F79EFBC}") = "瑞格心理系统加密狗制作器", "瑞格心理系统加密狗制作器.csproj", "{B6AD398A-CF7B-4FBA-A9D0-40DA6D5C0BBD}"
EndProject
Global
	GlobalSection(SolutionConfigurationPlatforms) = preSolution
		Debug|Any CPU = Debug|Any CPU
		Release|Any CPU = Release|Any CPU
	EndGlobalSection
	GlobalSection(ProjectConfigurationPlatforms) = postSolution
		{B6AD398A-CF7B-4FBA-A9D0-40DA6D5C0BBD}.Debug|Any CPU.ActiveCfg = Debug|Any CPU
		{B6AD398A-CF7B-4FBA-A9D0-40DA6D5C0BBD}.Debug|Any CPU.Build.0 = Debug|Any CPU
		{B6AD398A-CF7B-4FBA-A9D0-40DA6D5C0BBD}.Release|Any CPU.ActiveCfg = Release|Any CPU
		{B6AD398A-CF7B-4FBA-A9D0-40DA6D5C0BBD}.Release|Any CPU.Build.0 = Release|Any CPU
	EndGlobalSection
	GlobalSection(SolutionProperties) = preSolution
		HideSolutionNode = FALSE
	EndGlobalSection
EndGlobal
